
Microsoft Visual Studio Solution File, Format Version 12.00
# Visual Studio 15
VisualStudioVersion = 15.0.27130.2027
MinimumVisualStudioVersion = 10.0.40219.1
Project("{9A19103F-16F7-4668-BE54-9A1E7A4F7556}") = "ArchitectureSample.Core", "ArchitectureSample.Core\ArchitectureSample.Core.csproj", "{C6DB45DA-38F9-4E64-9459-2FD1DBEE05F2}"
EndProject
Project("{9A19103F-16F7-4668-BE54-9A1E7A4F7556}") = "ArchitectureSample.ConsoleApp", "ArchitectureSample.ConsoleApp\ArchitectureSample.ConsoleApp.csproj", "{25DE191D-47EE-4C35-9320-EC6565769396}"
EndProject
Global
	GlobalSection(SolutionConfigurationPlatforms) = preSolution
		Debug|Any CPU = Debug|Any CPU
		Release|Any CPU = Release|Any CPU
	EndGlobalSection
	GlobalSection(ProjectConfigurationPlatforms) = postSolution
		{C6DB45DA-38F9-4E64-9459-2FD1DBEE05F2}.Debug|Any CPU.ActiveCfg = Debug|Any CPU
		{C6DB45DA-38F9-4E64-9459-2FD1DBEE05F2}.Debug|Any CPU.Build.0 = Debug|Any CPU
		{C6DB45DA-38F9-4E64-9459-2FD1DBEE05F2}.Release|Any CPU.ActiveCfg = Release|Any CPU
		{C6DB45DA-38F9-4E64-9459-2FD1DBEE05F2}.Release|Any CPU.Build.0 = Release|Any CPU
		{25DE191D-47EE-4C35-9320-EC6565769396}.Debug|Any CPU.ActiveCfg = Debug|Any CPU
		{25DE191D-47EE-4C35-9320-EC6565769396}.Debug|Any CPU.Build.0 = Debug|Any CPU
		{25DE191D-47EE-4C35-9320-EC6565769396}.Release|Any CPU.ActiveCfg = Release|Any CPU
		{25DE191D-47EE-4C35-9320-EC6565769396}.Release|Any CPU.Build.0 = Release|Any CPU
	EndGlobalSection
	GlobalSection(SolutionProperties) = preSolution
		HideSolutionNode = FALSE
	EndGlobalSection
	GlobalSection(ExtensibilityGlobals) = postSolution
		SolutionGuid = {58FBE6DC-49F5-43DC-98B6-427FA015B5C3}
	EndGlobalSection
EndGlobal
